
Microsoft Visual Studio Solution File, Format Version 12.00
# Visual Studio 15
VisualStudioVersion = 15.0.27428.2037
MinimumVisualStudioVersion = 10.0.40219.1
Project("{8BC9CEB8-8B4A-11D0-8D11-00A0C91BC942}") = "PUBGBPFARMINGBOT", "PUBGBPFARMINGBOT\PUBGBPFARMINGBOT.vcxproj", "{2094A9A3-B352-49D9-86DE-E15FF2109604}"
EndProject
Global
	GlobalSection(SolutionConfigurationPlatforms) = preSolution
		Debug|x64 = Debug|x64
		Debug|x86 = Debug|x86
		Release|x64 = Release|x64
		Release|x86 = Release|x86
	EndGlobalSection
	GlobalSection(ProjectConfigurationPlatforms) = postSolution
		{2094A9A3-B352-49D9-86DE-E15FF2109604}.Debug|x64.ActiveCfg = Debug|x64
		{2094A9A3-B352-49D9-86DE-E15FF2109604}.Debug|x64.Build.0 = Debug|x64
		{2094A9A3-B352-49D9-86DE-E15FF2109604}.Debug|x86.ActiveCfg = Debug|Win32
		{2094A9A3-B352-49D9-86DE-E15FF2109604}.Debug|x86.Build.0 = Debug|Win32
		{2094A9A3-B352-49D9-86DE-E15FF2109604}.Release|x64.ActiveCfg = Release|x64
		{2094A9A3-B352-49D9-86DE-E15FF2109604}.Release|x64.Build.0 = Release|x64
		{2094A9A3-B352-49D9-86DE-E15FF2109604}.Release|x86.ActiveCfg = Release|Win32
		{2094A9A3-B352-49D9-86DE-E15FF2109604}.Release|x86.Build.0 = Release|Win32
	EndGlobalSection
	GlobalSection(SolutionProperties) = preSolution
		HideSolutionNode = FALSE
	EndGlobalSection
	GlobalSection(ExtensibilityGlobals) = postSolution
		SolutionGuid = {6211B1E1-DA92-4F44-B501-105FDD2FF6BA}
	EndGlobalSection
EndGlobal
